
Microsoft Visual Studio Solution File, Format Version 12.00
# Visual Studio Version 17
VisualStudioVersion = 17.3.32901.215
MinimumVisualStudioVersion = 10.0.40219.1
Project("{9A19103F-16F7-4668-BE54-9A1E7A4F7556}") = "API", "API.csproj", "{1EC6EBE5-F924-483A-9E35-EA0F4E6E9488}"
EndProject
Project("{FAE04EC0-301F-11D3-BF4B-00C04F79EFBC}") = "Core", "..\Core\Core.csproj", "{BFB5881E-FA5F-4EF3-BA8A-1843249B2BDC}"
EndProject
Project("{FAE04EC0-301F-11D3-BF4B-00C04F79EFBC}") = "Infrastructure", "..\Infrastructure\Infrastructure.csproj", "{6B4D1323-7170-4DAA-A3B4-A89615059798}"
EndProject
Global
	GlobalSection(SolutionConfigurationPlatforms) = preSolution
		Debug|Any CPU = Debug|Any CPU
		Release|Any CPU = Release|Any CPU
	EndGlobalSection
	GlobalSection(ProjectConfigurationPlatforms) = postSolution
		{1EC6EBE5-F924-483A-9E35-EA0F4E6E9488}.Debug|Any CPU.ActiveCfg = Debug|Any CPU
		{1EC6EBE5-F924-483A-9E35-EA0F4E6E9488}.Debug|Any CPU.Build.0 = Debug|Any CPU
		{1EC6EBE5-F924-483A-9E35-EA0F4E6E9488}.Release|Any CPU.ActiveCfg = Release|Any CPU
		{1EC6EBE5-F924-483A-9E35-EA0F4E6E9488}.Release|Any CPU.Build.0 = Release|Any CPU
		{BFB5881E-FA5F-4EF3-BA8A-1843249B2BDC}.Debug|Any CPU.ActiveCfg = Debug|Any CPU
		{BFB5881E-FA5F-4EF3-BA8A-1843249B2BDC}.Debug|Any CPU.Build.0 = Debug|Any CPU
		{BFB5881E-FA5F-4EF3-BA8A-1843249B2BDC}.Release|Any CPU.ActiveCfg = Release|Any CPU
		{BFB5881E-FA5F-4EF3-BA8A-1843249B2BDC}.Release|Any CPU.Build.0 = Release|Any CPU
		{6B4D1323-7170-4DAA-A3B4-A89615059798}.Debug|Any CPU.ActiveCfg = Debug|Any CPU
		{6B4D1323-7170-4DAA-A3B4-A89615059798}.Debug|Any CPU.Build.0 = Debug|Any CPU
		{6B4D1323-7170-4DAA-A3B4-A89615059798}.Release|Any CPU.ActiveCfg = Release|Any CPU
		{6B4D1323-7170-4DAA-A3B4-A89615059798}.Release|Any CPU.Build.0 = Release|Any CPU
	EndGlobalSection
	GlobalSection(SolutionProperties) = preSolution
		HideSolutionNode = FALSE
	EndGlobalSection
	GlobalSection(ExtensibilityGlobals) = postSolution
		SolutionGuid = {50A571D7-53A8-4E94-9727-4CE6CCB6CC8E}
	EndGlobalSection
EndGlobal
